
Microsoft Visual Studio Solution File, Format Version 12.00
# Visual Studio Version 17
VisualStudioVersion = 17.4.33213.308
MinimumVisualStudioVersion = 10.0.40219.1
Project("{9A19103F-16F7-4668-BE54-9A1E7A4F7556}") = "MyPortfolio", "MyPortfolio\MyPortfolio.csproj", "{A49C2FEE-A9C0-4EBE-AEBD-832C5EC65474}"
EndProject
Project("{2150E333-8FDC-42A3-9474-1A3956D46DE8}") = "InformationManagement", "InformationManagement", "{E51D0DB1-59E7-47FC-90DC-07018C3FD724}"
EndProject
Project("{2150E333-8FDC-42A3-9474-1A3956D46DE8}") = "Im.Domain", "Im.Domain", "{075C1BFF-23C7-4298-BB02-968F8F3C3E22}"
EndProject
Project("{2150E333-8FDC-42A3-9474-1A3956D46DE8}") = "Im.Applicaton", "Im.Applicaton", "{681F19DF-845D-4A40-A762-F4F5C21BE287}"
EndProject
Project("{2150E333-8FDC-42A3-9474-1A3956D46DE8}") = "Im.Infrasturcutre", "Im.Infrasturcutre", "{7E103206-6CE7-417F-B1A0-DFA8682AA7A8}"
EndProject
Project("{9A19103F-16F7-4668-BE54-9A1E7A4F7556}") = "InformationManagement.Domain", "InformationManagement.Domain\InformationManagement.Domain.csproj", "{7E0D9C8D-F4F0-45EB-84E0-C03BEDB459A2}"
EndProject
Project("{2150E333-8FDC-42A3-9474-1A3956D46DE8}") = "01.Framework", "01.Framework", "{42BBBC5C-2523-42B3-AB77-B241668F704F}"
EndProject
Project("{9A19103F-16F7-4668-BE54-9A1E7A4F7556}") = "MyFramework", "MyFramework\MyFramework.csproj", "{633C2A32-5147-4C38-A46B-611FB66BD3BF}"
EndProject
Project("{9A19103F-16F7-4668-BE54-9A1E7A4F7556}") = "InformationManagement.Contracts", "InformationManagement.Contracts\InformationManagement.Contracts.csproj", "{6EF35570-CBCC-45E5-A347-B24FAD3C882D}"
EndProject
Project("{9A19103F-16F7-4668-BE54-9A1E7A4F7556}") = "InformationManagement.Application", "InforationManagement.Application\InformationManagement.Application.csproj", "{5830A683-9F59-4EB3-ABC8-3DF35CB61410}"
EndProject
Project("{9A19103F-16F7-4668-BE54-9A1E7A4F7556}") = "InformationMangement.Infrastructure.EfCore", "InformationMangement.Infrastructure.EfCore\InformationMangement.Infrastructure.EfCore.csproj", "{9AE14B96-92F9-408C-97B1-D9D3F8A050F8}"
EndProject
Project("{9A19103F-16F7-4668-BE54-9A1E7A4F7556}") = "InformationManagement.Configuration", "InformationManagement.Configuration\InformationManagement.Configuration.csproj", "{A9783283-CD3E-4EF1-AD33-2775CDCE27DC}"
EndProject
Project("{2150E333-8FDC-42A3-9474-1A3956D46DE8}") = "02.PortfolioQuery", "02.PortfolioQuery", "{7BFF6971-5514-4FF6-80CE-553045E20616}"
EndProject
Project("{9A19103F-16F7-4668-BE54-9A1E7A4F7556}") = "MyQuery", "MyQuery\MyQuery.csproj", "{0C85979E-62A8-412E-8056-8B8CBE31275D}"
EndProject
Project("{2150E333-8FDC-42A3-9474-1A3956D46DE8}") = "AccountManagement", "AccountManagement", "{C276F6FC-B9DA-4796-980D-77A967E3962B}"
EndProject
Project("{2150E333-8FDC-42A3-9474-1A3956D46DE8}") = "Am.Domain", "Am.Domain", "{E04A2B2D-6077-41B2-86C3-665B25BFF69E}"
EndProject
Project("{2150E333-8FDC-42A3-9474-1A3956D46DE8}") = "Am.Application", "Am.Application", "{0303C133-8DB9-4D8C-A915-3C1C51F0AC5C}"
EndProject
Project("{2150E333-8FDC-42A3-9474-1A3956D46DE8}") = "Am.Infrastructure", "Am.Infrastructure", "{321979E0-AE21-491C-845B-297E483230E4}"
EndProject
Project("{FAE04EC0-301F-11D3-BF4B-00C04F79EFBC}") = "AccountManagement.Infrastructure.EfCore", "AccountManagement.Infrastructure.EfCore\AccountManagement.Infrastructure.EfCore.csproj", "{68D68722-802C-48CF-96AC-833BB95F95C1}"
EndProject
Project("{FAE04EC0-301F-11D3-BF4B-00C04F79EFBC}") = "AccountManagement.Domain", "AccountManagement.Domain\AccountManagement.Domain.csproj", "{04AE74EB-8255-460D-9D4D-6515A8EBC805}"
EndProject
Project("{FAE04EC0-301F-11D3-BF4B-00C04F79EFBC}") = "AccountManagement.Application", "AccountManagement.Application\AccountManagement.Application.csproj", "{FC21072B-332C-4F25-AE35-3F0129C28DFC}"
EndProject
Project("{FAE04EC0-301F-11D3-BF4B-00C04F79EFBC}") = "AccountManagement.Contracts", "AccountManagement.Contracts\AccountManagement.Contracts.csproj", "{3ADA9FF1-99DF-452B-A37D-5F92AE0E8CD5}"
EndProject
Project("{FAE04EC0-301F-11D3-BF4B-00C04F79EFBC}") = "AccountManagement.Configuration", "AccountManagement.Configuration\AccountManagement.Configuration.csproj", "{09273C96-D902-4A52-8D62-9AA69BE64F86}"
EndProject
Global
	GlobalSection(SolutionConfigurationPlatforms) = preSolution
		Debug|Any CPU = Debug|Any CPU
		Release|Any CPU = Release|Any CPU
	EndGlobalSection
	GlobalSection(ProjectConfigurationPlatforms) = postSolution
		{A49C2FEE-A9C0-4EBE-AEBD-832C5EC65474}.Debug|Any CPU.ActiveCfg = Debug|Any CPU
		{A49C2FEE-A9C0-4EBE-AEBD-832C5EC65474}.Debug|Any CPU.Build.0 = Debug|Any CPU
		{A49C2FEE-A9C0-4EBE-AEBD-832C5EC65474}.Release|Any CPU.ActiveCfg = Release|Any CPU
		{A49C2FEE-A9C0-4EBE-AEBD-832C5EC65474}.Release|Any CPU.Build.0 = Release|Any CPU
		{7E0D9C8D-F4F0-45EB-84E0-C03BEDB459A2}.Debug|Any CPU.ActiveCfg = Debug|Any CPU
		{7E0D9C8D-F4F0-45EB-84E0-C03BEDB459A2}.Debug|Any CPU.Build.0 = Debug|Any CPU
		{7E0D9C8D-F4F0-45EB-84E0-C03BEDB459A2}.Release|Any CPU.ActiveCfg = Release|Any CPU
		{7E0D9C8D-F4F0-45EB-84E0-C03BEDB459A2}.Release|Any CPU.Build.0 = Release|Any CPU
		{633C2A32-5147-4C38-A46B-611FB66BD3BF}.Debug|Any CPU.ActiveCfg = Debug|Any CPU
		{633C2A32-5147-4C38-A46B-611FB66BD3BF}.Debug|Any CPU.Build.0 = Debug|Any CPU
		{633C2A32-5147-4C38-A46B-611FB66BD3BF}.Release|Any CPU.ActiveCfg = Release|Any CPU
		{633C2A32-5147-4C38-A46B-611FB66BD3BF}.Release|Any CPU.Build.0 = Release|Any CPU
		{6EF35570-CBCC-45E5-A347-B24FAD3C882D}.Debug|Any CPU.ActiveCfg = Debug|Any CPU
		{6EF35570-CBCC-45E5-A347-B24FAD3C882D}.Debug|Any CPU.Build.0 = Debug|Any CPU
		{6EF35570-CBCC-45E5-A347-B24FAD3C882D}.Release|Any CPU.ActiveCfg = Release|Any CPU
		{6EF35570-CBCC-45E5-A347-B24FAD3C882D}.Release|Any CPU.Build.0 = Release|Any CPU
		{5830A683-9F59-4EB3-ABC8-3DF35CB61410}.Debug|Any CPU.ActiveCfg = Debug|Any CPU
		{5830A683-9F59-4EB3-ABC8-3DF35CB61410}.Debug|Any CPU.Build.0 = Debug|Any CPU
		{5830A683-9F59-4EB3-ABC8-3DF35CB61410}.Release|Any CPU.ActiveCfg = Release|Any CPU
		{5830A683-9F59-4EB3-ABC8-3DF35CB61410}.Release|Any CPU.Build.0 = Release|Any CPU
		{9AE14B96-92F9-408C-97B1-D9D3F8A050F8}.Debug|Any CPU.ActiveCfg = Debug|Any CPU
		{9AE14B96-92F9-408C-97B1-D9D3F8A050F8}.Debug|Any CPU.Build.0 = Debug|Any CPU
		{9AE14B96-92F9-408C-97B1-D9D3F8A050F8}.Release|Any CPU.ActiveCfg = Release|Any CPU
		{9AE14B96-92F9-408C-97B1-D9D3F8A050F8}.Release|Any CPU.Build.0 = Release|Any CPU
		{A9783283-CD3E-4EF1-AD33-2775CDCE27DC}.Debug|Any CPU.ActiveCfg = Debug|Any CPU
		{A9783283-CD3E-4EF1-AD33-2775CDCE27DC}.Debug|Any CPU.Build.0 = Debug|Any CPU
		{A9783283-CD3E-4EF1-AD33-2775CDCE27DC}.Release|Any CPU.ActiveCfg = Release|Any CPU
		{A9783283-CD3E-4EF1-AD33-2775CDCE27DC}.Release|Any CPU.Build.0 = Release|Any CPU
		{0C85979E-62A8-412E-8056-8B8CBE31275D}.Debug|Any CPU.ActiveCfg = Debug|Any CPU
		{0C85979E-62A8-412E-8056-8B8CBE31275D}.Debug|Any CPU.Build.0 = Debug|Any CPU
		{0C85979E-62A8-412E-8056-8B8CBE31275D}.Release|Any CPU.ActiveCfg = Release|Any CPU
		{0C85979E-62A8-412E-8056-8B8CBE31275D}.Release|Any CPU.Build.0 = Release|Any CPU
		{68D68722-802C-48CF-96AC-833BB95F95C1}.Debug|Any CPU.ActiveCfg = Debug|Any CPU
		{68D68722-802C-48CF-96AC-833BB95F95C1}.Debug|Any CPU.Build.0 = Debug|Any CPU
		{68D68722-802C-48CF-96AC-833BB95F95C1}.Release|Any CPU.ActiveCfg = Release|Any CPU
		{68D68722-802C-48CF-96AC-833BB95F95C1}.Release|Any CPU.Build.0 = Release|Any CPU
		{04AE74EB-8255-460D-9D4D-6515A8EBC805}.Debug|Any CPU.ActiveCfg = Debug|Any CPU
		{04AE74EB-8255-460D-9D4D-6515A8EBC805}.Debug|Any CPU.Build.0 = Debug|Any CPU
		{04AE74EB-8255-460D-9D4D-6515A8EBC805}.Release|Any CPU.ActiveCfg = Release|Any CPU
		{04AE74EB-8255-460D-9D4D-6515A8EBC805}.Release|Any CPU.Build.0 = Release|Any CPU
		{FC21072B-332C-4F25-AE35-3F0129C28DFC}.Debug|Any CPU.ActiveCfg = Debug|Any CPU
		{FC21072B-332C-4F25-AE35-3F0129C28DFC}.Debug|Any CPU.Build.0 = Debug|Any CPU
		{FC21072B-332C-4F25-AE35-3F0129C28DFC}.Release|Any CPU.ActiveCfg = Release|Any CPU
		{FC21072B-332C-4F25-AE35-3F0129C28DFC}.Release|Any CPU.Build.0 = Release|Any CPU
		{3ADA9FF1-99DF-452B-A37D-5F92AE0E8CD5}.Debug|Any CPU.ActiveCfg = Debug|Any CPU
		{3ADA9FF1-99DF-452B-A37D-5F92AE0E8CD5}.Debug|Any CPU.Build.0 = Debug|Any CPU
		{3ADA9FF1-99DF-452B-A37D-5F92AE0E8CD5}.Release|Any CPU.ActiveCfg = Release|Any CPU
		{3ADA9FF1-99DF-452B-A37D-5F92AE0E8CD5}.Release|Any CPU.Build.0 = Release|Any CPU
		{09273C96-D902-4A52-8D62-9AA69BE64F86}.Debug|Any CPU.ActiveCfg = Debug|Any CPU
		{09273C96-D902-4A52-8D62-9AA69BE64F86}.Debug|Any CPU.Build.0 = Debug|Any CPU
		{09273C96-D902-4A52-8D62-9AA69BE64F86}.Release|Any CPU.ActiveCfg = Release|Any CPU
		{09273C96-D902-4A52-8D62-9AA69BE64F86}.Release|Any CPU.Build.0 = Release|Any CPU
	EndGlobalSection
	GlobalSection(SolutionProperties) = preSolution
		HideSolutionNode = FALSE
	EndGlobalSection
	GlobalSection(NestedProjects) = preSolution
		{075C1BFF-23C7-4298-BB02-968F8F3C3E22} = {E51D0DB1-59E7-47FC-90DC-07018C3FD724}
		{681F19DF-845D-4A40-A762-F4F5C21BE287} = {E51D0DB1-59E7-47FC-90DC-07018C3FD724}
		{7E103206-6CE7-417F-B1A0-DFA8682AA7A8} = {E51D0DB1-59E7-47FC-90DC-07018C3FD724}
		{7E0D9C8D-F4F0-45EB-84E0-C03BEDB459A2} = {075C1BFF-23C7-4298-BB02-968F8F3C3E22}
		{633C2A32-5147-4C38-A46B-611FB66BD3BF} = {42BBBC5C-2523-42B3-AB77-B241668F704F}
		{6EF35570-CBCC-45E5-A347-B24FAD3C882D} = {681F19DF-845D-4A40-A762-F4F5C21BE287}
		{5830A683-9F59-4EB3-ABC8-3DF35CB61410} = {681F19DF-845D-4A40-A762-F4F5C21BE287}
		{9AE14B96-92F9-408C-97B1-D9D3F8A050F8} = {7E103206-6CE7-417F-B1A0-DFA8682AA7A8}
		{A9783283-CD3E-4EF1-AD33-2775CDCE27DC} = {7E103206-6CE7-417F-B1A0-DFA8682AA7A8}
		{0C85979E-62A8-412E-8056-8B8CBE31275D} = {7BFF6971-5514-4FF6-80CE-553045E20616}
		{E04A2B2D-6077-41B2-86C3-665B25BFF69E} = {C276F6FC-B9DA-4796-980D-77A967E3962B}
		{0303C133-8DB9-4D8C-A915-3C1C51F0AC5C} = {C276F6FC-B9DA-4796-980D-77A967E3962B}
		{321979E0-AE21-491C-845B-297E483230E4} = {C276F6FC-B9DA-4796-980D-77A967E3962B}
		{68D68722-802C-48CF-96AC-833BB95F95C1} = {321979E0-AE21-491C-845B-297E483230E4}
		{04AE74EB-8255-460D-9D4D-6515A8EBC805} = {E04A2B2D-6077-41B2-86C3-665B25BFF69E}
		{FC21072B-332C-4F25-AE35-3F0129C28DFC} = {0303C133-8DB9-4D8C-A915-3C1C51F0AC5C}
		{3ADA9FF1-99DF-452B-A37D-5F92AE0E8CD5} = {0303C133-8DB9-4D8C-A915-3C1C51F0AC5C}
		{09273C96-D902-4A52-8D62-9AA69BE64F86} = {321979E0-AE21-491C-845B-297E483230E4}
	EndGlobalSection
	GlobalSection(ExtensibilityGlobals) = postSolution
		SolutionGuid = {EF79A1DE-E970-4529-9CB6-6373069BE623}
	EndGlobalSection
EndGlobal
